
Microsoft Visual Studio Solution File, Format Version 12.00
# Visual Studio Version 16
VisualStudioVersion = 16.0.30907.101
MinimumVisualStudioVersion = 10.0.40219.1
Project("{FAE04EC0-301F-11D3-BF4B-00C04F79EFBC}") = "my-books", "my-books\my-books.csproj", "{D81A13D6-90EE-450C-9694-971AAC08D6FD}"
EndProject
Global
	GlobalSection(SolutionConfigurationPlatforms) = preSolution
		Debug|Any CPU = Debug|Any CPU
		Release|Any CPU = Release|Any CPU
	EndGlobalSection
	GlobalSection(ProjectConfigurationPlatforms) = postSolution
		{D81A13D6-90EE-450C-9694-971AAC08D6FD}.Debug|Any CPU.ActiveCfg = Debug|Any CPU
		{D81A13D6-90EE-450C-9694-971AAC08D6FD}.Debug|Any CPU.Build.0 = Debug|Any CPU
		{D81A13D6-90EE-450C-9694-971AAC08D6FD}.Release|Any CPU.ActiveCfg = Release|Any CPU
		{D81A13D6-90EE-450C-9694-971AAC08D6FD}.Release|Any CPU.Build.0 = Release|Any CPU
	EndGlobalSection
	GlobalSection(SolutionProperties) = preSolution
		HideSolutionNode = FALSE
	EndGlobalSection
	GlobalSection(ExtensibilityGlobals) = postSolution
		SolutionGuid = {810487CA-D4EA-4CEF-916B-D9AA0551822F}
	EndGlobalSection
EndGlobal
